// !$*UTF8*$!
{
	archiveVersion = 1;
	classes = {
	};
	objectVersion = 51;
	objects = {

/* Begin PBXBuildFile section */
		0A4FE6F48F9BF982E7C3DB64 /* Pods_Exomind_ExomindUITests.framework in Frameworks */ = {isa = PBXBuildFile; fileRef = E7C854CAD854BD1D2C65D67C /* Pods_Exomind_ExomindUITests.framework */; };
		3884FBA826064A4C00F432B2 /* AppDelegate.swift in Sources */ = {isa = PBXBuildFile; fileRef = 3884FBA726064A4C00F432B2 /* AppDelegate.swift */; };
		3884FBAA26064A4C00F432B2 /* SceneDelegate.swift in Sources */ = {isa = PBXBuildFile; fileRef = 3884FBA926064A4C00F432B2 /* SceneDelegate.swift */; };
		3884FBAC26064A4C00F432B2 /* ContentView.swift in Sources */ = {isa = PBXBuildFile; fileRef = 3884FBAB26064A4C00F432B2 /* ContentView.swift */; };
		3884FBAE26064A4D00F432B2 /* Assets.xcassets in Resources */ = {isa = PBXBuildFile; fileRef = 3884FBAD26064A4D00F432B2 /* Assets.xcassets */; };
		3884FBB126064A4D00F432B2 /* Preview Assets.xcassets in Resources */ = {isa = PBXBuildFile; fileRef = 3884FBB026064A4D00F432B2 /* Preview Assets.xcassets */; };
		3884FBB426064A4D00F432B2 /* LaunchScreen.storyboard in Resources */ = {isa = PBXBuildFile; fileRef = 3884FBB226064A4D00F432B2 /* LaunchScreen.storyboard */; };
		3884FBBF26064A4D00F432B2 /* ExomindTests.swift in Sources */ = {isa = PBXBuildFile; fileRef = 3884FBBE26064A4D00F432B2 /* ExomindTests.swift */; };
		3884FBCA26064A4D00F432B2 /* ExomindUITests.swift in Sources */ = {isa = PBXBuildFile; fileRef = 3884FBC926064A4D00F432B2 /* ExomindUITests.swift */; };
		3884FC732606504E00F432B2 /* Data.framework in Frameworks */ = {isa = PBXBuildFile; fileRef = 3884FC702606504E00F432B2 /* Data.framework */; };
		3884FC742606504E00F432B2 /* Data.framework in Embed Frameworks */ = {isa = PBXBuildFile; fileRef = 3884FC702606504E00F432B2 /* Data.framework */; settings = {ATTRIBUTES = (CodeSignOnCopy, RemoveHeadersOnCopy, ); }; };
		3884FC752606504E00F432B2 /* Domain.framework in Frameworks */ = {isa = PBXBuildFile; fileRef = 3884FC712606504E00F432B2 /* Domain.framework */; };
		3884FC762606504E00F432B2 /* Domain.framework in Embed Frameworks */ = {isa = PBXBuildFile; fileRef = 3884FC712606504E00F432B2 /* Domain.framework */; settings = {ATTRIBUTES = (CodeSignOnCopy, RemoveHeadersOnCopy, ); }; };
		3884FC772606504E00F432B2 /* Presentation.framework in Frameworks */ = {isa = PBXBuildFile; fileRef = 3884FC722606504E00F432B2 /* Presentation.framework */; };
		3884FC782606504E00F432B2 /* Presentation.framework in Embed Frameworks */ = {isa = PBXBuildFile; fileRef = 3884FC722606504E00F432B2 /* Presentation.framework */; settings = {ATTRIBUTES = (CodeSignOnCopy, RemoveHeadersOnCopy, ); }; };
		3884FCF72606980A00F432B2 /* UserDependencies.swift in Sources */ = {isa = PBXBuildFile; fileRef = 3884FCF62606980A00F432B2 /* UserDependencies.swift */; };
		3884FD082606994E00F432B2 /* AppDependencies.swift in Sources */ = {isa = PBXBuildFile; fileRef = 3884FD072606994E00F432B2 /* AppDependencies.swift */; };
		3884FD3C2608AF6300F432B2 /* AlbumDependencies.swift in Sources */ = {isa = PBXBuildFile; fileRef = 3884FD3B2608AF6300F432B2 /* AlbumDependencies.swift */; };
		5656ADCD8A76F9EB971BA8F2 /* Pods_Exomind.framework in Frameworks */ = {isa = PBXBuildFile; fileRef = 139A709877FF3E689D728938 /* Pods_Exomind.framework */; };
		6853E65E653742B65A954DE0 /* Pods_ExomindTests.framework in Frameworks */ = {isa = PBXBuildFile; fileRef = 402EBBF09FEA3AAAC5B4327F /* Pods_ExomindTests.framework */; };
/* End PBXBuildFile section */

/* Begin PBXContainerItemProxy section */
		3884FBBB26064A4D00F432B2 /* PBXContainerItemProxy */ = {
			isa = PBXContainerItemProxy;
			containerPortal = 3884FB9C26064A4C00F432B2 /* Project object */;
			proxyType = 1;
			remoteGlobalIDString = 3884FBA326064A4C00F432B2;
			remoteInfo = Exomind;
		};
		3884FBC626064A4D00F432B2 /* PBXContainerItemProxy */ = {
			isa = PBXContainerItemProxy;
			containerPortal = 3884FB9C26064A4C00F432B2 /* Project object */;
			proxyType = 1;
			remoteGlobalIDString = 3884FBA326064A4C00F432B2;
			remoteInfo = Exomind;
		};
/* End PBXContainerItemProxy section */

/* Begin PBXCopyFilesBuildPhase section */
		3884FC792606504E00F432B2 /* Embed Frameworks */ = {
			isa = PBXCopyFilesBuildPhase;
			buildActionMask = 2147483647;
			dstPath = "";
			dstSubfolderSpec = 10;
			files = (
				3884FC762606504E00F432B2 /* Domain.framework in Embed Frameworks */,
				3884FC742606504E00F432B2 /* Data.framework in Embed Frameworks */,
				3884FC782606504E00F432B2 /* Presentation.framework in Embed Frameworks */,
			);
			name = "Embed Frameworks";
			runOnlyForDeploymentPostprocessing = 0;
		};
/* End PBXCopyFilesBuildPhase section */

/* Begin PBXFileReference section */
		0BFD7AEBA2E0E5757EA913D5 /* Pods-Exomind.debug.xcconfig */ = {isa = PBXFileReference; includeInIndex = 1; lastKnownFileType = text.xcconfig; name = "Pods-Exomind.debug.xcconfig"; path = "Target Support Files/Pods-Exomind/Pods-Exomind.debug.xcconfig"; sourceTree = "<group>"; };
		139A709877FF3E689D728938 /* Pods_Exomind.framework */ = {isa = PBXFileReference; explicitFileType = wrapper.framework; includeInIndex = 0; path = Pods_Exomind.framework; sourceTree = BUILT_PRODUCTS_DIR; };
		2C8B3CECEFED1D433FC6AED3 /* Pods-Exomind-ExomindUITests.release.xcconfig */ = {isa = PBXFileReference; includeInIndex = 1; lastKnownFileType = text.xcconfig; name = "Pods-Exomind-ExomindUITests.release.xcconfig"; path = "Target Support Files/Pods-Exomind-ExomindUITests/Pods-Exomind-ExomindUITests.release.xcconfig"; sourceTree = "<group>"; };
		3884FBA426064A4C00F432B2 /* Exomind.app */ = {isa = PBXFileReference; explicitFileType = wrapper.application; includeInIndex = 0; path = Exomind.app; sourceTree = BUILT_PRODUCTS_DIR; };
		3884FBA726064A4C00F432B2 /* AppDelegate.swift */ = {isa = PBXFileReference; lastKnownFileType = sourcecode.swift; path = AppDelegate.swift; sourceTree = "<group>"; };
		3884FBA926064A4C00F432B2 /* SceneDelegate.swift */ = {isa = PBXFileReference; lastKnownFileType = sourcecode.swift; path = SceneDelegate.swift; sourceTree = "<group>"; };
		3884FBAB26064A4C00F432B2 /* ContentView.swift */ = {isa = PBXFileReference; lastKnownFileType = sourcecode.swift; path = ContentView.swift; sourceTree = "<group>"; };
		3884FBAD26064A4D00F432B2 /* Assets.xcassets */ = {isa = PBXFileReference; lastKnownFileType = folder.assetcatalog; path = Assets.xcassets; sourceTree = "<group>"; };
		3884FBB026064A4D00F432B2 /* Preview Assets.xcassets */ = {isa = PBXFileReference; lastKnownFileType = folder.assetcatalog; path = "Preview Assets.xcassets"; sourceTree = "<group>"; };
		3884FBB326064A4D00F432B2 /* Base */ = {isa = PBXFileReference; lastKnownFileType = file.storyboard; name = Base; path = Base.lproj/LaunchScreen.storyboard; sourceTree = "<group>"; };
		3884FBB526064A4D00F432B2 /* Info.plist */ = {isa = PBXFileReference; lastKnownFileType = text.plist.xml; path = Info.plist; sourceTree = "<group>"; };
		3884FBBA26064A4D00F432B2 /* ExomindTests.xctest */ = {isa = PBXFileReference; explicitFileType = wrapper.cfbundle; includeInIndex = 0; path = ExomindTests.xctest; sourceTree = BUILT_PRODUCTS_DIR; };
		3884FBBE26064A4D00F432B2 /* ExomindTests.swift */ = {isa = PBXFileReference; lastKnownFileType = sourcecode.swift; path = ExomindTests.swift; sourceTree = "<group>"; };
		3884FBC026064A4D00F432B2 /* Info.plist */ = {isa = PBXFileReference; lastKnownFileType = text.plist.xml; path = Info.plist; sourceTree = "<group>"; };
		3884FBC526064A4D00F432B2 /* ExomindUITests.xctest */ = {isa = PBXFileReference; explicitFileType = wrapper.cfbundle; includeInIndex = 0; path = ExomindUITests.xctest; sourceTree = BUILT_PRODUCTS_DIR; };
		3884FBC926064A4D00F432B2 /* ExomindUITests.swift */ = {isa = PBXFileReference; lastKnownFileType = sourcecode.swift; path = ExomindUITests.swift; sourceTree = "<group>"; };
		3884FBCB26064A4D00F432B2 /* Info.plist */ = {isa = PBXFileReference; lastKnownFileType = text.plist.xml; path = Info.plist; sourceTree = "<group>"; };
		3884FC702606504E00F432B2 /* Data.framework */ = {isa = PBXFileReference; explicitFileType = wrapper.framework; path = Data.framework; sourceTree = BUILT_PRODUCTS_DIR; };
		3884FC712606504E00F432B2 /* Domain.framework */ = {isa = PBXFileReference; explicitFileType = wrapper.framework; path = Domain.framework; sourceTree = BUILT_PRODUCTS_DIR; };
		3884FC722606504E00F432B2 /* Presentation.framework */ = {isa = PBXFileReference; explicitFileType = wrapper.framework; path = Presentation.framework; sourceTree = BUILT_PRODUCTS_DIR; };
		3884FCF62606980A00F432B2 /* UserDependencies.swift */ = {isa = PBXFileReference; lastKnownFileType = sourcecode.swift; path = UserDependencies.swift; sourceTree = "<group>"; };
		3884FD072606994E00F432B2 /* AppDependencies.swift */ = {isa = PBXFileReference; lastKnownFileType = sourcecode.swift; path = AppDependencies.swift; sourceTree = "<group>"; };
		3884FD3B2608AF6300F432B2 /* AlbumDependencies.swift */ = {isa = PBXFileReference; lastKnownFileType = sourcecode.swift; path = AlbumDependencies.swift; sourceTree = "<group>"; };
		402EBBF09FEA3AAAC5B4327F /* Pods_ExomindTests.framework */ = {isa = PBXFileReference; explicitFileType = wrapper.framework; includeInIndex = 0; path = Pods_ExomindTests.framework; sourceTree = BUILT_PRODUCTS_DIR; };
		813A5B9E9434CECD467E8F6B /* Pods-Exomind-ExomindUITests.debug.xcconfig */ = {isa = PBXFileReference; includeInIndex = 1; lastKnownFileType = text.xcconfig; name = "Pods-Exomind-ExomindUITests.debug.xcconfig"; path = "Target Support Files/Pods-Exomind-ExomindUITests/Pods-Exomind-ExomindUITests.debug.xcconfig"; sourceTree = "<group>"; };
		8702F6CD1797A988F60D6173 /* Pods-Exomind.release.xcconfig */ = {isa = PBXFileReference; includeInIndex = 1; lastKnownFileType = text.xcconfig; name = "Pods-Exomind.release.xcconfig"; path = "Target Support Files/Pods-Exomind/Pods-Exomind.release.xcconfig"; sourceTree = "<group>"; };
		D8F35EEB86746C5F1AE90691 /* Pods-ExomindTests.debug.xcconfig */ = {isa = PBXFileReference; includeInIndex = 1; lastKnownFileType = text.xcconfig; name = "Pods-ExomindTests.debug.xcconfig"; path = "Target Support Files/Pods-ExomindTests/Pods-ExomindTests.debug.xcconfig"; sourceTree = "<group>"; };
		E7C854CAD854BD1D2C65D67C /* Pods_Exomind_ExomindUITests.framework */ = {isa = PBXFileReference; explicitFileType = wrapper.framework; includeInIndex = 0; path = Pods_Exomind_ExomindUITests.framework; sourceTree = BUILT_PRODUCTS_DIR; };
		EE950F46729B69D903C20E61 /* Pods-ExomindTests.release.xcconfig */ = {isa = PBXFileReference; includeInIndex = 1; lastKnownFileType = text.xcconfig; name = "Pods-ExomindTests.release.xcconfig"; path = "Target Support Files/Pods-ExomindTests/Pods-ExomindTests.release.xcconfig"; sourceTree = "<group>"; };
/* End PBXFileReference section */

/* Begin PBXFrameworksBuildPhase section */
		3884FBA126064A4C00F432B2 /* Frameworks */ = {
			isa = PBXFrameworksBuildPhase;
			buildActionMask = 2147483647;
			files = (
				3884FC752606504E00F432B2 /* Domain.framework in Frameworks */,
				3884FC732606504E00F432B2 /* Data.framework in Frameworks */,
				3884FC772606504E00F432B2 /* Presentation.framework in Frameworks */,
				5656ADCD8A76F9EB971BA8F2 /* Pods_Exomind.framework in Frameworks */,
			);
			runOnlyForDeploymentPostprocessing = 0;
		};
		3884FBB726064A4D00F432B2 /* Frameworks */ = {
			isa = PBXFrameworksBuildPhase;
			buildActionMask = 2147483647;
			files = (
				6853E65E653742B65A954DE0 /* Pods_ExomindTests.framework in Frameworks */,
			);
			runOnlyForDeploymentPostprocessing = 0;
		};
		3884FBC226064A4D00F432B2 /* Frameworks */ = {
			isa = PBXFrameworksBuildPhase;
			buildActionMask = 2147483647;
			files = (
				0A4FE6F48F9BF982E7C3DB64 /* Pods_Exomind_ExomindUITests.framework in Frameworks */,
			);
			runOnlyForDeploymentPostprocessing = 0;
		};
/* End PBXFrameworksBuildPhase section */

/* Begin PBXGroup section */
		191D8B2F7AE750587D35D85E /* Pods */ = {
			isa = PBXGroup;
			children = (
				0BFD7AEBA2E0E5757EA913D5 /* Pods-Exomind.debug.xcconfig */,
				8702F6CD1797A988F60D6173 /* Pods-Exomind.release.xcconfig */,
				813A5B9E9434CECD467E8F6B /* Pods-Exomind-ExomindUITests.debug.xcconfig */,
				2C8B3CECEFED1D433FC6AED3 /* Pods-Exomind-ExomindUITests.release.xcconfig */,
				D8F35EEB86746C5F1AE90691 /* Pods-ExomindTests.debug.xcconfig */,
				EE950F46729B69D903C20E61 /* Pods-ExomindTests.release.xcconfig */,
			);
			path = Pods;
			sourceTree = "<group>";
		};
		3884FB9B26064A4C00F432B2 = {
			isa = PBXGroup;
			children = (
				3884FBA626064A4C00F432B2 /* Exomind */,
				3884FBBD26064A4D00F432B2 /* ExomindTests */,
				3884FBC826064A4D00F432B2 /* ExomindUITests */,
				3884FBA526064A4C00F432B2 /* Products */,
				191D8B2F7AE750587D35D85E /* Pods */,
				4CCCAB6AC7CAAEFAA10AFA63 /* Frameworks */,
			);
			sourceTree = "<group>";
		};
		3884FBA526064A4C00F432B2 /* Products */ = {
			isa = PBXGroup;
			children = (
				3884FBA426064A4C00F432B2 /* Exomind.app */,
				3884FBBA26064A4D00F432B2 /* ExomindTests.xctest */,
				3884FBC526064A4D00F432B2 /* ExomindUITests.xctest */,
			);
			name = Products;
			sourceTree = "<group>";
		};
		3884FBA626064A4C00F432B2 /* Exomind */ = {
			isa = PBXGroup;
			children = (
				3884FCF5260697FB00F432B2 /* Dependencies */,
				3884FBA726064A4C00F432B2 /* AppDelegate.swift */,
				3884FBA926064A4C00F432B2 /* SceneDelegate.swift */,
				3884FBAB26064A4C00F432B2 /* ContentView.swift */,
				3884FBAD26064A4D00F432B2 /* Assets.xcassets */,
				3884FBB226064A4D00F432B2 /* LaunchScreen.storyboard */,
				3884FBB526064A4D00F432B2 /* Info.plist */,
				3884FBAF26064A4D00F432B2 /* Preview Content */,
			);
			path = Exomind;
			sourceTree = "<group>";
		};
		3884FBAF26064A4D00F432B2 /* Preview Content */ = {
			isa = PBXGroup;
			children = (
				3884FBB026064A4D00F432B2 /* Preview Assets.xcassets */,
			);
			path = "Preview Content";
			sourceTree = "<group>";
		};
		3884FBBD26064A4D00F432B2 /* ExomindTests */ = {
			isa = PBXGroup;
			children = (
				3884FBBE26064A4D00F432B2 /* ExomindTests.swift */,
				3884FBC026064A4D00F432B2 /* Info.plist */,
			);
			path = ExomindTests;
			sourceTree = "<group>";
		};
		3884FBC826064A4D00F432B2 /* ExomindUITests */ = {
			isa = PBXGroup;
			children = (
				3884FBC926064A4D00F432B2 /* ExomindUITests.swift */,
				3884FBCB26064A4D00F432B2 /* Info.plist */,
			);
			path = ExomindUITests;
			sourceTree = "<group>";
		};
		3884FCF5260697FB00F432B2 /* Dependencies */ = {
			isa = PBXGroup;
			children = (
				3884FCF62606980A00F432B2 /* UserDependencies.swift */,
				3884FD072606994E00F432B2 /* AppDependencies.swift */,
				3884FD3B2608AF6300F432B2 /* AlbumDependencies.swift */,
			);
			path = Dependencies;
			sourceTree = "<group>";
		};
		4CCCAB6AC7CAAEFAA10AFA63 /* Frameworks */ = {
			isa = PBXGroup;
			children = (
				3884FC702606504E00F432B2 /* Data.framework */,
				3884FC712606504E00F432B2 /* Domain.framework */,
				3884FC722606504E00F432B2 /* Presentation.framework */,
				139A709877FF3E689D728938 /* Pods_Exomind.framework */,
				E7C854CAD854BD1D2C65D67C /* Pods_Exomind_ExomindUITests.framework */,
				402EBBF09FEA3AAAC5B4327F /* Pods_ExomindTests.framework */,
			);
			name = Frameworks;
			sourceTree = "<group>";
		};
/* End PBXGroup section */

/* Begin PBXNativeTarget section */
		3884FBA326064A4C00F432B2 /* Exomind */ = {
			isa = PBXNativeTarget;
			buildConfigurationList = 3884FBCE26064A4D00F432B2 /* Build configuration list for PBXNativeTarget "Exomind" */;
			buildPhases = (
				4F37AC7F9D8FE0BC5616A640 /* [CP] Check Pods Manifest.lock */,
				3884FBA026064A4C00F432B2 /* Sources */,
				3884FBA126064A4C00F432B2 /* Frameworks */,
				3884FBA226064A4C00F432B2 /* Resources */,
				3884FC792606504E00F432B2 /* Embed Frameworks */,
				1A060290D329D92808644D4A /* [CP] Embed Pods Frameworks */,
			);
			buildRules = (
			);
			dependencies = (
			);
			name = Exomind;
			productName = Exomind;
			productReference = 3884FBA426064A4C00F432B2 /* Exomind.app */;
			productType = "com.apple.product-type.application";
		};
		3884FBB926064A4D00F432B2 /* ExomindTests */ = {
			isa = PBXNativeTarget;
			buildConfigurationList = 3884FBD126064A4D00F432B2 /* Build configuration list for PBXNativeTarget "ExomindTests" */;
			buildPhases = (
				F74C8CCC0E55C3EBABE05730 /* [CP] Check Pods Manifest.lock */,
				3884FBB626064A4D00F432B2 /* Sources */,
				3884FBB726064A4D00F432B2 /* Frameworks */,
				3884FBB826064A4D00F432B2 /* Resources */,
			);
			buildRules = (
			);
			dependencies = (
				3884FBBC26064A4D00F432B2 /* PBXTargetDependency */,
			);
			name = ExomindTests;
			productName = ExomindTests;
			productReference = 3884FBBA26064A4D00F432B2 /* ExomindTests.xctest */;
			productType = "com.apple.product-type.bundle.unit-test";
		};
		3884FBC426064A4D00F432B2 /* ExomindUITests */ = {
			isa = PBXNativeTarget;
			buildConfigurationList = 3884FBD426064A4D00F432B2 /* Build configuration list for PBXNativeTarget "ExomindUITests" */;
			buildPhases = (
				56CCBA43733D10D54E8CBE57 /* [CP] Check Pods Manifest.lock */,
				3884FBC126064A4D00F432B2 /* Sources */,
				3884FBC226064A4D00F432B2 /* Frameworks */,
				3884FBC326064A4D00F432B2 /* Resources */,
				37A5111F04D025B030DAD335 /* [CP] Embed Pods Frameworks */,
			);
			buildRules = (
			);
			dependencies = (
				3884FBC726064A4D00F432B2 /* PBXTargetDependency */,
			);
			name = ExomindUITests;
			productName = ExomindUITests;
			productReference = 3884FBC526064A4D00F432B2 /* ExomindUITests.xctest */;
			productType = "com.apple.product-type.bundle.ui-testing";
		};
/* End PBXNativeTarget section */

/* Begin PBXProject section */
		3884FB9C26064A4C00F432B2 /* Project object */ = {
			isa = PBXProject;
			attributes = {
				LastSwiftUpdateCheck = 1240;
				LastUpgradeCheck = 1240;
				TargetAttributes = {
					3884FBA326064A4C00F432B2 = {
						CreatedOnToolsVersion = 12.4;
					};
					3884FBB926064A4D00F432B2 = {
						CreatedOnToolsVersion = 12.4;
						TestTargetID = 3884FBA326064A4C00F432B2;
					};
					3884FBC426064A4D00F432B2 = {
						CreatedOnToolsVersion = 12.4;
						TestTargetID = 3884FBA326064A4C00F432B2;
					};
				};
			};
			buildConfigurationList = 3884FB9F26064A4C00F432B2 /* Build configuration list for PBXProject "Exomind" */;
			compatibilityVersion = "Xcode 9.3";
			developmentRegion = en;
			hasScannedForEncodings = 0;
			knownRegions = (
				en,
				Base,
			);
			mainGroup = 3884FB9B26064A4C00F432B2;
			productRefGroup = 3884FBA526064A4C00F432B2 /* Products */;
			projectDirPath = "";
			projectRoot = "";
			targets = (
				3884FBA326064A4C00F432B2 /* Exomind */,
				3884FBB926064A4D00F432B2 /* ExomindTests */,
				3884FBC426064A4D00F432B2 /* ExomindUITests */,
			);
		};
/* End PBXProject section */

/* Begin PBXResourcesBuildPhase section */
		3884FBA226064A4C00F432B2 /* Resources */ = {
			isa = PBXResourcesBuildPhase;
			buildActionMask = 2147483647;
			files = (
				3884FBB426064A4D00F432B2 /* LaunchScreen.storyboard in Resources */,
				3884FBB126064A4D00F432B2 /* Preview Assets.xcassets in Resources */,
				3884FBAE26064A4D00F432B2 /* Assets.xcassets in Resources */,
			);
			runOnlyForDeploymentPostprocessing = 0;
		};
		3884FBB826064A4D00F432B2 /* Resources */ = {
			isa = PBXResourcesBuildPhase;
			buildActionMask = 2147483647;
			files = (
			);
			runOnlyForDeploymentPostprocessing = 0;
		};
		3884FBC326064A4D00F432B2 /* Resources */ = {
			isa = PBXResourcesBuildPhase;
			buildActionMask = 2147483647;
			files = (
			);
			runOnlyForDeploymentPostprocessing = 0;
		};
/* End PBXResourcesBuildPhase section */

/* Begin PBXShellScriptBuildPhase section */
		1A060290D329D92808644D4A /* [CP] Embed Pods Frameworks */ = {
			isa = PBXShellScriptBuildPhase;
			buildActionMask = 2147483647;
			files = (
			);
			inputFileListPaths = (
				"${PODS_ROOT}/Target Support Files/Pods-Exomind/Pods-Exomind-frameworks-${CONFIGURATION}-input-files.xcfilelist",
			);
			name = "[CP] Embed Pods Frameworks";
			outputFileListPaths = (
				"${PODS_ROOT}/Target Support Files/Pods-Exomind/Pods-Exomind-frameworks-${CONFIGURATION}-output-files.xcfilelist",
			);
			runOnlyForDeploymentPostprocessing = 0;
			shellPath = /bin/sh;
			shellScript = "\"${PODS_ROOT}/Target Support Files/Pods-Exomind/Pods-Exomind-frameworks.sh\"\n";
			showEnvVarsInLog = 0;
		};
		37A5111F04D025B030DAD335 /* [CP] Embed Pods Frameworks */ = {
			isa = PBXShellScriptBuildPhase;
			buildActionMask = 2147483647;
			files = (
			);
			inputFileListPaths = (
				"${PODS_ROOT}/Target Support Files/Pods-Exomind-ExomindUITests/Pods-Exomind-ExomindUITests-frameworks-${CONFIGURATION}-input-files.xcfilelist",
			);
			name = "[CP] Embed Pods Frameworks";
			outputFileListPaths = (
				"${PODS_ROOT}/Target Support Files/Pods-Exomind-ExomindUITests/Pods-Exomind-ExomindUITests-frameworks-${CONFIGURATION}-output-files.xcfilelist",
			);
			runOnlyForDeploymentPostprocessing = 0;
			shellPath = /bin/sh;
			shellScript = "\"${PODS_ROOT}/Target Support Files/Pods-Exomind-ExomindUITests/Pods-Exomind-ExomindUITests-frameworks.sh\"\n";
			showEnvVarsInLog = 0;
		};
		4F37AC7F9D8FE0BC5616A640 /* [CP] Check Pods Manifest.lock */ = {
			isa = PBXShellScriptBuildPhase;
			buildActionMask = 2147483647;
			files = (
			);
			inputFileListPaths = (
			);
			inputPaths = (
				"${PODS_PODFILE_DIR_PATH}/Podfile.lock",
				"${PODS_ROOT}/Manifest.lock",
			);
			name = "[CP] Check Pods Manifest.lock";
			outputFileListPaths = (
			);
			outputPaths = (
				"$(DERIVED_FILE_DIR)/Pods-Exomind-checkManifestLockResult.txt",
			);
			runOnlyForDeploymentPostprocessing = 0;
			shellPath = /bin/sh;
			shellScript = "diff \"${PODS_PODFILE_DIR_PATH}/Podfile.lock\" \"${PODS_ROOT}/Manifest.lock\" > /dev/null\nif [ $? != 0 ] ; then\n    # print error to STDERR\n    echo \"error: The sandbox is not in sync with the Podfile.lock. Run 'pod install' or update your CocoaPods installation.\" >&2\n    exit 1\nfi\n# This output is used by Xcode 'outputs' to avoid re-running this script phase.\necho \"SUCCESS\" > \"${SCRIPT_OUTPUT_FILE_0}\"\n";
			showEnvVarsInLog = 0;
		};
		56CCBA43733D10D54E8CBE57 /* [CP] Check Pods Manifest.lock */ = {
			isa = PBXShellScriptBuildPhase;
			buildActionMask = 2147483647;
			files = (
			);
			inputFileListPaths = (
			);
			inputPaths = (
				"${PODS_PODFILE_DIR_PATH}/Podfile.lock",
				"${PODS_ROOT}/Manifest.lock",
			);
			name = "[CP] Check Pods Manifest.lock";
			outputFileListPaths = (
			);
			outputPaths = (
				"$(DERIVED_FILE_DIR)/Pods-Exomind-ExomindUITests-checkManifestLockResult.txt",
			);
			runOnlyForDeploymentPostprocessing = 0;
			shellPath = /bin/sh;
			shellScript = "diff \"${PODS_PODFILE_DIR_PATH}/Podfile.lock\" \"${PODS_ROOT}/Manifest.lock\" > /dev/null\nif [ $? != 0 ] ; then\n    # print error to STDERR\n    echo \"error: The sandbox is not in sync with the Podfile.lock. Run 'pod install' or update your CocoaPods installation.\" >&2\n    exit 1\nfi\n# This output is used by Xcode 'outputs' to avoid re-running this script phase.\necho \"SUCCESS\" > \"${SCRIPT_OUTPUT_FILE_0}\"\n";
			showEnvVarsInLog = 0;
		};
		F74C8CCC0E55C3EBABE05730 /* [CP] Check Pods Manifest.lock */ = {
			isa = PBXShellScriptBuildPhase;
			buildActionMask = 2147483647;
			files = (
			);
			inputFileListPaths = (
			);
			inputPaths = (
				"${PODS_PODFILE_DIR_PATH}/Podfile.lock",
				"${PODS_ROOT}/Manifest.lock",
			);
			name = "[CP] Check Pods Manifest.lock";
			outputFileListPaths = (
			);
			outputPaths = (
				"$(DERIVED_FILE_DIR)/Pods-ExomindTests-checkManifestLockResult.txt",
			);
			runOnlyForDeploymentPostprocessing = 0;
			shellPath = /bin/sh;
			shellScript = "diff \"${PODS_PODFILE_DIR_PATH}/Podfile.lock\" \"${PODS_ROOT}/Manifest.lock\" > /dev/null\nif [ $? != 0 ] ; then\n    # print error to STDERR\n    echo \"error: The sandbox is not in sync with the Podfile.lock. Run 'pod install' or update your CocoaPods installation.\" >&2\n    exit 1\nfi\n# This output is used by Xcode 'outputs' to avoid re-running this script phase.\necho \"SUCCESS\" > \"${SCRIPT_OUTPUT_FILE_0}\"\n";
			showEnvVarsInLog = 0;
		};
/* End PBXShellScriptBuildPhase section */

/* Begin PBXSourcesBuildPhase section */
		3884FBA026064A4C00F432B2 /* Sources */ = {
			isa = PBXSourcesBuildPhase;
			buildActionMask = 2147483647;
			files = (
				3884FBA826064A4C00F432B2 /* AppDelegate.swift in Sources */,
				3884FBAA26064A4C00F432B2 /* SceneDelegate.swift in Sources */,
				3884FBAC26064A4C00F432B2 /* ContentView.swift in Sources */,
				3884FD082606994E00F432B2 /* AppDependencies.swift in Sources */,
				3884FD3C2608AF6300F432B2 /* AlbumDependencies.swift in Sources */,
				3884FCF72606980A00F432B2 /* UserDependencies.swift in Sources */,
			);
			runOnlyForDeploymentPostprocessing = 0;
		};
		3884FBB626064A4D00F432B2 /* Sources */ = {
			isa = PBXSourcesBuildPhase;
			buildActionMask = 2147483647;
			files = (
				3884FBBF26064A4D00F432B2 /* ExomindTests.swift in Sources */,
			);
			runOnlyForDeploymentPostprocessing = 0;
		};
		3884FBC126064A4D00F432B2 /* Sources */ = {
			isa = PBXSourcesBuildPhase;
			buildActionMask = 2147483647;
			files = (
				3884FBCA26064A4D00F432B2 /* ExomindUITests.swift in Sources */,
			);
			runOnlyForDeploymentPostprocessing = 0;
		};
/* End PBXSourcesBuildPhase section */

/* Begin PBXTargetDependency section */
		3884FBBC26064A4D00F432B2 /* PBXTargetDependency */ = {
			isa = PBXTargetDependency;
			target = 3884FBA326064A4C00F432B2 /* Exomind */;
			targetProxy = 3884FBBB26064A4D00F432B2 /* PBXContainerItemProxy */;
		};
		3884FBC726064A4D00F432B2 /* PBXTargetDependency */ = {
			isa = PBXTargetDependency;
			target = 3884FBA326064A4C00F432B2 /* Exomind */;
			targetProxy = 3884FBC626064A4D00F432B2 /* PBXContainerItemProxy */;
		};
/* End PBXTargetDependency section */

/* Begin PBXVariantGroup section */
		3884FBB226064A4D00F432B2 /* LaunchScreen.storyboard */ = {
			isa = PBXVariantGroup;
			children = (
				3884FBB326064A4D00F432B2 /* Base */,
			);
			name = LaunchScreen.storyboard;
			sourceTree = "<group>";
		};
/* End PBXVariantGroup section */

/* Begin XCBuildConfiguration section */
		3884FBCC26064A4D00F432B2 /* Debug */ = {
			isa = XCBuildConfiguration;
			buildSettings = {
				ALWAYS_SEARCH_USER_PATHS = NO;
				CLANG_ANALYZER_NONNULL = YES;
				CLANG_ANALYZER_NUMBER_OBJECT_CONVERSION = YES_AGGRESSIVE;
				CLANG_CXX_LANGUAGE_STANDARD = "gnu++14";
				CLANG_CXX_LIBRARY = "libc++";
				CLANG_ENABLE_MODULES = YES;
				CLANG_ENABLE_OBJC_ARC = YES;
				CLANG_ENABLE_OBJC_WEAK = YES;
				CLANG_WARN_BLOCK_CAPTURE_AUTORELEASING = YES;
				CLANG_WARN_BOOL_CONVERSION = YES;
				CLANG_WARN_COMMA = YES;
				CLANG_WARN_CONSTANT_CONVERSION = YES;
				CLANG_WARN_DEPRECATED_OBJC_IMPLEMENTATIONS = YES;
				CLANG_WARN_DIRECT_OBJC_ISA_USAGE = YES_ERROR;
				CLANG_WARN_DOCUMENTATION_COMMENTS = YES;
				CLANG_WARN_EMPTY_BODY = YES;
				CLANG_WARN_ENUM_CONVERSION = YES;
				CLANG_WARN_INFINITE_RECURSION = YES;
				CLANG_WARN_INT_CONVERSION = YES;
				CLANG_WARN_NON_LITERAL_NULL_CONVERSION = YES;
				CLANG_WARN_OBJC_IMPLICIT_RETAIN_SELF = YES;
				CLANG_WARN_OBJC_LITERAL_CONVERSION = YES;
				CLANG_WARN_OBJC_ROOT_CLASS = YES_ERROR;
				CLANG_WARN_QUOTED_INCLUDE_IN_FRAMEWORK_HEADER = YES;
				CLANG_WARN_RANGE_LOOP_ANALYSIS = YES;
				CLANG_WARN_STRICT_PROTOTYPES = YES;
				CLANG_WARN_SUSPICIOUS_MOVE = YES;
				CLANG_WARN_UNGUARDED_AVAILABILITY = YES_AGGRESSIVE;
				CLANG_WARN_UNREACHABLE_CODE = YES;
				CLANG_WARN__DUPLICATE_METHOD_MATCH = YES;
				COPY_PHASE_STRIP = NO;
				DEBUG_INFORMATION_FORMAT = dwarf;
				ENABLE_STRICT_OBJC_MSGSEND = YES;
				ENABLE_TESTABILITY = YES;
				GCC_C_LANGUAGE_STANDARD = gnu11;
				GCC_DYNAMIC_NO_PIC = NO;
				GCC_NO_COMMON_BLOCKS = YES;
				GCC_OPTIMIZATION_LEVEL = 0;
				GCC_PREPROCESSOR_DEFINITIONS = (
					"DEBUG=1",
					"$(inherited)",
				);
				GCC_WARN_64_TO_32_BIT_CONVERSION = YES;
				GCC_WARN_ABOUT_RETURN_TYPE = YES_ERROR;
				GCC_WARN_UNDECLARED_SELECTOR = YES;
				GCC_WARN_UNINITIALIZED_AUTOS = YES_AGGRESSIVE;
				GCC_WARN_UNUSED_FUNCTION = YES;
				GCC_WARN_UNUSED_VARIABLE = YES;
				IPHONEOS_DEPLOYMENT_TARGET = 14.4;
				MTL_ENABLE_DEBUG_INFO = INCLUDE_SOURCE;
				MTL_FAST_MATH = YES;
				ONLY_ACTIVE_ARCH = YES;
				SDKROOT = iphoneos;
				SWIFT_ACTIVE_COMPILATION_CONDITIONS = DEBUG;
				SWIFT_OPTIMIZATION_LEVEL = "-Onone";
			};
			name = Debug;
		};
		3884FBCD26064A4D00F432B2 /* Release */ = {
			isa = XCBuildConfiguration;
			buildSettings = {
				ALWAYS_SEARCH_USER_PATHS = NO;
				CLANG_ANALYZER_NONNULL = YES;
				CLANG_ANALYZER_NUMBER_OBJECT_CONVERSION = YES_AGGRESSIVE;
				CLANG_CXX_LANGUAGE_STANDARD = "gnu++14";
				CLANG_CXX_LIBRARY = "libc++";
				CLANG_ENABLE_MODULES = YES;
				CLANG_ENABLE_OBJC_ARC = YES;
				CLANG_ENABLE_OBJC_WEAK = YES;
				CLANG_WARN_BLOCK_CAPTURE_AUTORELEASING = YES;
				CLANG_WARN_BOOL_CONVERSION = YES;
				CLANG_WARN_COMMA = YES;
				CLANG_WARN_CONSTANT_CONVERSION = YES;
				CLANG_WARN_DEPRECATED_OBJC_IMPLEMENTATIONS = YES;
				CLANG_WARN_DIRECT_OBJC_ISA_USAGE = YES_ERROR;
				CLANG_WARN_DOCUMENTATION_COMMENTS = YES;
				CLANG_WARN_EMPTY_BODY = YES;
				CLANG_WARN_ENUM_CONVERSION = YES;
				CLANG_WARN_INFINITE_RECURSION = YES;
				CLANG_WARN_INT_CONVERSION = YES;
				CLANG_WARN_NON_LITERAL_NULL_CONVERSION = YES;
				CLANG_WARN_OBJC_IMPLICIT_RETAIN_SELF = YES;
				CLANG_WARN_OBJC_LITERAL_CONVERSION = YES;
				CLANG_WARN_OBJC_ROOT_CLASS = YES_ERROR;
				CLANG_WARN_QUOTED_INCLUDE_IN_FRAMEWORK_HEADER = YES;
				CLANG_WARN_RANGE_LOOP_ANALYSIS = YES;
				CLANG_WARN_STRICT_PROTOTYPES = YES;
				CLANG_WARN_SUSPICIOUS_MOVE = YES;
				CLANG_WARN_UNGUARDED_AVAILABILITY = YES_AGGRESSIVE;
				CLANG_WARN_UNREACHABLE_CODE = YES;
				CLANG_WARN__DUPLICATE_METHOD_MATCH = YES;
				COPY_PHASE_STRIP = NO;
				DEBUG_INFORMATION_FORMAT = "dwarf-with-dsym";
				ENABLE_NS_ASSERTIONS = NO;
				ENABLE_STRICT_OBJC_MSGSEND = YES;
				GCC_C_LANGUAGE_STANDARD = gnu11;
				GCC_NO_COMMON_BLOCKS = YES;
				GCC_WARN_64_TO_32_BIT_CONVERSION = YES;
				GCC_WARN_ABOUT_RETURN_TYPE = YES_ERROR;
				GCC_WARN_UNDECLARED_SELECTOR = YES;
				GCC_WARN_UNINITIALIZED_AUTOS = YES_AGGRESSIVE;
				GCC_WARN_UNUSED_FUNCTION = YES;
				GCC_WARN_UNUSED_VARIABLE = YES;
				IPHONEOS_DEPLOYMENT_TARGET = 14.4;
				MTL_ENABLE_DEBUG_INFO = NO;
				MTL_FAST_MATH = YES;
				SDKROOT = iphoneos;
				SWIFT_COMPILATION_MODE = wholemodule;
				SWIFT_OPTIMIZATION_LEVEL = "-O";
				VALIDATE_PRODUCT = YES;
			};
			name = Release;
		};
		3884FBCF26064A4D00F432B2 /* Debug */ = {
			isa = XCBuildConfiguration;
			baseConfigurationReference = 0BFD7AEBA2E0E5757EA913D5 /* Pods-Exomind.debug.xcconfig */;
			buildSettings = {
				ASSETCATALOG_COMPILER_APPICON_NAME = AppIcon;
				ASSETCATALOG_COMPILER_GLOBAL_ACCENT_COLOR_NAME = AccentColor;
				CODE_SIGN_STYLE = Automatic;
				DEVELOPMENT_ASSET_PATHS = "\"Exomind/Preview Content\"";
				ENABLE_PREVIEWS = YES;
				INFOPLIST_FILE = Exomind/Info.plist;
				LD_RUNPATH_SEARCH_PATHS = (
					"$(inherited)",
					"@executable_path/Frameworks",
				);
				PRODUCT_BUNDLE_IDENTIFIER = com.niccheva.Exomind;
				PRODUCT_NAME = "$(TARGET_NAME)";
				SWIFT_VERSION = 5.0;
				TARGETED_DEVICE_FAMILY = "1,2";
			};
			name = Debug;
		};
		3884FBD026064A4D00F432B2 /* Release */ = {
			isa = XCBuildConfiguration;
			baseConfigurationReference = 8702F6CD1797A988F60D6173 /* Pods-Exomind.release.xcconfig */;
			buildSettings = {
				ASSETCATALOG_COMPILER_APPICON_NAME = AppIcon;
				ASSETCATALOG_COMPILER_GLOBAL_ACCENT_COLOR_NAME = AccentColor;
				CODE_SIGN_STYLE = Automatic;
				DEVELOPMENT_ASSET_PATHS = "\"Exomind/Preview Content\"";
				ENABLE_PREVIEWS = YES;
				INFOPLIST_FILE = Exomind/Info.plist;
				LD_RUNPATH_SEARCH_PATHS = (
					"$(inherited)",
					"@executable_path/Frameworks",
				);
				PRODUCT_BUNDLE_IDENTIFIER = com.niccheva.Exomind;
				PRODUCT_NAME = "$(TARGET_NAME)";
				SWIFT_VERSION = 5.0;
				TARGETED_DEVICE_FAMILY = "1,2";
			};
			name = Release;
		};
		3884FBD226064A4D00F432B2 /* Debug */ = {
			isa = XCBuildConfiguration;
			baseConfigurationReference = D8F35EEB86746C5F1AE90691 /* Pods-ExomindTests.debug.xcconfig */;
			buildSettings = {
				ALWAYS_EMBED_SWIFT_STANDARD_LIBRARIES = YES;
				BUNDLE_LOADER = "$(TEST_HOST)";
				CODE_SIGN_STYLE = Automatic;
				INFOPLIST_FILE = ExomindTests/Info.plist;
				IPHONEOS_DEPLOYMENT_TARGET = 14.4;
				LD_RUNPATH_SEARCH_PATHS = (
					"$(inherited)",
					"@executable_path/Frameworks",
					"@loader_path/Frameworks",
				);
				PRODUCT_BUNDLE_IDENTIFIER = com.niccheva.ExomindTests;
				PRODUCT_NAME = "$(TARGET_NAME)";
				SWIFT_VERSION = 5.0;
				TARGETED_DEVICE_FAMILY = "1,2";
				TEST_HOST = "$(BUILT_PRODUCTS_DIR)/Exomind.app/Exomind";
			};
			name = Debug;
		};
		3884FBD326064A4D00F432B2 /* Release */ = {
			isa = XCBuildConfiguration;
			baseConfigurationReference = EE950F46729B69D903C20E61 /* Pods-ExomindTests.release.xcconfig */;
			buildSettings = {
				ALWAYS_EMBED_SWIFT_STANDARD_LIBRARIES = YES;
				BUNDLE_LOADER = "$(TEST_HOST)";
				CODE_SIGN_STYLE = Automatic;
				INFOPLIST_FILE = ExomindTests/Info.plist;
				IPHONEOS_DEPLOYMENT_TARGET = 14.4;
				LD_RUNPATH_SEARCH_PATHS = (
					"$(inherited)",
					"@executable_path/Frameworks",
					"@loader_path/Frameworks",
				);
				PRODUCT_BUNDLE_IDENTIFIER = com.niccheva.ExomindTests;
				PRODUCT_NAME = "$(TARGET_NAME)";
				SWIFT_VERSION = 5.0;
				TARGETED_DEVICE_FAMILY = "1,2";
				TEST_HOST = "$(BUILT_PRODUCTS_DIR)/Exomind.app/Exomind";
			};
			name = Release;
		};
		3884FBD526064A4D00F432B2 /* Debug */ = {
			isa = XCBuildConfiguration;
			baseConfigurationReference = 813A5B9E9434CECD467E8F6B /* Pods-Exomind-ExomindUITests.debug.xcconfig */;
			buildSettings = {
				ALWAYS_EMBED_SWIFT_STANDARD_LIBRARIES = YES;
				CODE_SIGN_STYLE = Automatic;
				INFOPLIST_FILE = ExomindUITests/Info.plist;
				LD_RUNPATH_SEARCH_PATHS = (
					"$(inherited)",
					"@executable_path/Frameworks",
					"@loader_path/Frameworks",
				);
				PRODUCT_BUNDLE_IDENTIFIER = com.niccheva.ExomindUITests;
				PRODUCT_NAME = "$(TARGET_NAME)";
				SWIFT_VERSION = 5.0;
				TARGETED_DEVICE_FAMILY = "1,2";
				TEST_TARGET_NAME = Exomind;
			};
			name = Debug;
		};
		3884FBD626064A4D00F432B2 /* Release */ = {
			isa = XCBuildConfiguration;
			baseConfigurationReference = 2C8B3CECEFED1D433FC6AED3 /* Pods-Exomind-ExomindUITests.release.xcconfig */;
			buildSettings = {
				ALWAYS_EMBED_SWIFT_STANDARD_LIBRARIES = YES;
				CODE_SIGN_STYLE = Automatic;
				INFOPLIST_FILE = ExomindUITests/Info.plist;
				LD_RUNPATH_SEARCH_PATHS = (
					"$(inherited)",
					"@executable_path/Frameworks",
					"@loader_path/Frameworks",
				);
				PRODUCT_BUNDLE_IDENTIFIER = com.niccheva.ExomindUITests;
				PRODUCT_NAME = "$(TARGET_NAME)";
				SWIFT_VERSION = 5.0;
				TARGETED_DEVICE_FAMILY = "1,2";
				TEST_TARGET_NAME = Exomind;
			};
			name = Release;
		};
/* End XCBuildConfiguration section */

/* Begin XCConfigurationList section */
		3884FB9F26064A4C00F432B2 /* Build configuration list for PBXProject "Exomind" */ = {
			isa = XCConfigurationList;
			buildConfigurations = (
				3884FBCC26064A4D00F432B2 /* Debug */,
				3884FBCD26064A4D00F432B2 /* Release */,
			);
			defaultConfigurationIsVisible = 0;
			defaultConfigurationName = Release;
		};
		3884FBCE26064A4D00F432B2 /* Build configuration list for PBXNativeTarget "Exomind" */ = {
			isa = XCConfigurationList;
			buildConfigurations = (
				3884FBCF26064A4D00F432B2 /* Debug */,
				3884FBD026064A4D00F432B2 /* Release */,
			);
			defaultConfigurationIsVisible = 0;
			defaultConfigurationName = Release;
		};
		3884FBD126064A4D00F432B2 /* Build configuration list for PBXNativeTarget "ExomindTests" */ = {
			isa = XCConfigurationList;
			buildConfigurations = (
				3884FBD226064A4D00F432B2 /* Debug */,
				3884FBD326064A4D00F432B2 /* Release */,
			);
			defaultConfigurationIsVisible = 0;
			defaultConfigurationName = Release;
		};
		3884FBD426064A4D00F432B2 /* Build configuration list for PBXNativeTarget "ExomindUITests" */ = {
			isa = XCConfigurationList;
			buildConfigurations = (
				3884FBD526064A4D00F432B2 /* Debug */,
				3884FBD626064A4D00F432B2 /* Release */,
			);
			defaultConfigurationIsVisible = 0;
			defaultConfigurationName = Release;
		};
/* End XCConfigurationList section */
	};
	rootObject = 3884FB9C26064A4C00F432B2 /* Project object */;
}
